
Microsoft Visual Studio Solution File, Format Version 12.00
# Visual Studio Version 17
VisualStudioVersion = 17.4.33122.133
MinimumVisualStudioVersion = 10.0.40219.1
Project("{FAE04EC0-301F-11D3-BF4B-00C04F79EFBC}") = "VisitorPlacement", "ConsoleApp3\VisitorPlacement.csproj", "{2E1D7BDE-6C80-4098-A403-D48F1CEC2359}"
EndProject
Global
	GlobalSection(SolutionConfigurationPlatforms) = preSolution
		Debug|Any CPU = Debug|Any CPU
		Release|Any CPU = Release|Any CPU
	EndGlobalSection
	GlobalSection(ProjectConfigurationPlatforms) = postSolution
		{2E1D7BDE-6C80-4098-A403-D48F1CEC2359}.Debug|Any CPU.ActiveCfg = Debug|Any CPU
		{2E1D7BDE-6C80-4098-A403-D48F1CEC2359}.Debug|Any CPU.Build.0 = Debug|Any CPU
		{2E1D7BDE-6C80-4098-A403-D48F1CEC2359}.Release|Any CPU.ActiveCfg = Release|Any CPU
		{2E1D7BDE-6C80-4098-A403-D48F1CEC2359}.Release|Any CPU.Build.0 = Release|Any CPU
	EndGlobalSection
	GlobalSection(SolutionProperties) = preSolution
		HideSolutionNode = FALSE
	EndGlobalSection
	GlobalSection(ExtensibilityGlobals) = postSolution
		SolutionGuid = {7439BEBD-F09C-402C-9AE0-C6275E4F4D98}
	EndGlobalSection
EndGlobal
